
Microsoft Visual Studio Solution File, Format Version 12.00
# Visual Studio Version 17
VisualStudioVersion = 17.5.33530.505
MinimumVisualStudioVersion = 10.0.40219.1
Project("{FAE04EC0-301F-11D3-BF4B-00C04F79EFBC}") = "final_systems_programming_", "final_systems_programming_\final_systems_programming_.csproj", "{E6D3CA55-9944-45F2-B442-D1156F92374E}"
EndProject
Global
	GlobalSection(SolutionConfigurationPlatforms) = preSolution
		Debug|Any CPU = Debug|Any CPU
		Release|Any CPU = Release|Any CPU
	EndGlobalSection
	GlobalSection(ProjectConfigurationPlatforms) = postSolution
		{E6D3CA55-9944-45F2-B442-D1156F92374E}.Debug|Any CPU.ActiveCfg = Debug|Any CPU
		{E6D3CA55-9944-45F2-B442-D1156F92374E}.Debug|Any CPU.Build.0 = Debug|Any CPU
		{E6D3CA55-9944-45F2-B442-D1156F92374E}.Release|Any CPU.ActiveCfg = Release|Any CPU
		{E6D3CA55-9944-45F2-B442-D1156F92374E}.Release|Any CPU.Build.0 = Release|Any CPU
	EndGlobalSection
	GlobalSection(SolutionProperties) = preSolution
		HideSolutionNode = FALSE
	EndGlobalSection
	GlobalSection(ExtensibilityGlobals) = postSolution
		SolutionGuid = {A238985C-6169-4798-AA84-52EC18CF972C}
	EndGlobalSection
EndGlobal
